{
  "nodes": {
    "annoyodoro": {
      "inputs": {
        "nixpkgs": [
          "nixpkgs"
        ],
        "rust-overlay": [
          "rust-overlay"
        ]
      },
      "locked": {
        "lastModified": 1763893643,
        "narHash": "sha256-DcpAWJlcsoQse1a3yKAoc+2rdu1mVaLruJb6ETFrDy4=",
        "owner": "janTatesa",
        "repo": "annoyodoro",
        "rev": "31e636dffb99714be5ba84adaee288f8a4613ba7",
        "type": "github"
      },
      "original": {
        "owner": "janTatesa",
        "repo": "annoyodoro",
        "type": "github"
      }
    },
    "catppuccin": {
      "inputs": {
        "nixpkgs": "nixpkgs"
      },
      "locked": {
        "lastModified": 1768575137,
        "narHash": "sha256-e0SsKnkSnq+UwZNS9ZyPJjTjabzq9TRc1hqeDnvOF1Q=",
        "owner": "catppuccin",
        "repo": "nix",
        "rev": "48e67b4ad22072f1ae30b0ed8e1cb020cf06c611",
        "type": "github"
      },
      "original": {
        "owner": "catppuccin",
        "repo": "nix",
        "type": "github"
      }
    },
    "home-manager": {
      "inputs": {
        "nixpkgs": [
          "nixpkgs"
        ]
      },
      "locked": {
        "lastModified": 1768997641,
        "narHash": "sha256-7vT8oS6ra/dJaZ6ShvZiPtlZ40XI7CTSb2PmuNPMiXE=",
        "owner": "nix-community",
        "repo": "home-manager",
        "rev": "27b60942b7285824937f8c2c05021370f6fc5904",
        "type": "github"
      },
      "original": {
        "owner": "nix-community",
        "repo": "home-manager",
        "type": "github"
      }
    },
    "nixos-hardware": {
      "locked": {
        "lastModified": 1768736227,
        "narHash": "sha256-qgGq7CfrYKc3IBYQ7qp0Z/ZXndQVC5Bj0N8HW9mS2rM=",
        "owner": "NixOS",
        "repo": "nixos-hardware",
        "rev": "d447553bcbc6a178618d37e61648b19e744370df",
        "type": "github"
      },
      "original": {
        "owner": "NixOS",
        "repo": "nixos-hardware",
        "type": "github"
      }
    },
    "nixpkgs": {
      "locked": {
        "lastModified": 1768305791,
        "narHash": "sha256-AIdl6WAn9aymeaH/NvBj0H9qM+XuAuYbGMZaP0zcXAQ=",
        "owner": "NixOS",
        "repo": "nixpkgs",
        "rev": "1412caf7bf9e660f2f962917c14b1ea1c3bc695e",
        "type": "github"
      },
      "original": {
        "owner": "NixOS",
        "ref": "nixos-unstable",
        "repo": "nixpkgs",
        "type": "github"
      }
    },
    "nixpkgs_2": {
      "locked": {
        "lastModified": 1768886240,
        "narHash": "sha256-C2TjvwYZ2VDxYWeqvvJ5XPPp6U7H66zeJlRaErJKoEM=",
        "owner": "NixOS",
        "repo": "nixpkgs",
        "rev": "80e4adbcf8992d3fd27ad4964fbb84907f9478b0",
        "type": "github"
      },
      "original": {
        "owner": "NixOS",
        "ref": "nixos-unstable",
        "repo": "nixpkgs",
        "type": "github"
      }
    },
    "oxikcde": {
      "inputs": {
        "nixpkgs": [
          "nixpkgs"
        ],
        "rust-overlay": [
          "rust-overlay"
        ]
      },
      "locked": {
        "lastModified": 1753694964,
        "narHash": "sha256-O4daBVkFUDH0EG226yPcqobM/KU1sEH+AacieW48dCE=",
        "owner": "janTatesa",
        "repo": "oxikcde",
        "rev": "6291d26b645e2f168f0a6e70827596c225314308",
        "type": "github"
      },
      "original": {
        "owner": "janTatesa",
        "repo": "oxikcde",
        "type": "github"
      }
    },
    "root": {
      "inputs": {
        "annoyodoro": "annoyodoro",
        "catppuccin": "catppuccin",
        "home-manager": "home-manager",
        "nixos-hardware": "nixos-hardware",
        "nixpkgs": "nixpkgs_2",
        "oxikcde": "oxikcde",
        "rust-overlay": "rust-overlay",
        "scripts": "scripts"
      }
    },
    "rust-overlay": {
      "inputs": {
        "nixpkgs": [
          "nixpkgs"
        ]
      },
      "locked": {
        "lastModified": 1768963622,
        "narHash": "sha256-n6VHiUgrYD9yjagzG6ncVVqFbVTsKCI54tR9PNAFCo0=",
        "owner": "oxalica",
        "repo": "rust-overlay",
        "rev": "2ef5b3362af585a83bafd34e7fc9b1f388c2e5e2",
        "type": "github"
      },
      "original": {
        "owner": "oxalica",
        "repo": "rust-overlay",
        "type": "github"
      }
    },
    "scripts": {
      "inputs": {
        "nixpkgs": [
          "nixpkgs"
        ],
        "rust-overlay": [
          "rust-overlay"
        ]
      },
      "locked": {
        "lastModified": 1765011000,
        "narHash": "sha256-RhWkeN0pZJUtjt6LLrykx3s0gwRtln6t1UgNn7fu0No=",
        "owner": "janTatesa",
        "repo": "scripts",
        "rev": "fc74cd3fe30ef0fcdd4d11276aeccc7ada321079",
        "type": "github"
      },
      "original": {
        "owner": "janTatesa",
        "repo": "scripts",
        "type": "github"
      }
    }
  },
  "root": "root",
  "version": 7
}
